// !$*UTF8*$!
{
	archiveVersion = 1;
	classes = {
	};
	objectVersion = 77;
	objects = {

/* Begin PBXBuildFile section */
		5811B4BE2E38D39F00532C1B /* FirebaseAuth in Frameworks */ = {isa = PBXBuildFile; productRef = 5811B4BD2E38D39F00532C1B /* FirebaseAuth */; };
		5811B4C02E38D39F00532C1B /* FirebaseCore in Frameworks */ = {isa = PBXBuildFile; productRef = 5811B4BF2E38D39F00532C1B /* FirebaseCore */; };
		5811B4C22E38D39F00532C1B /* FirebaseDatabase in Frameworks */ = {isa = PBXBuildFile; productRef = 5811B4C12E38D39F00532C1B /* FirebaseDatabase */; };
		5811B4C42E38D39F00532C1B /* FirebaseFirestore in Frameworks */ = {isa = PBXBuildFile; productRef = 5811B4C32E38D39F00532C1B /* FirebaseFirestore */; };
		5811B4C62E38D39F00532C1B /* FirebaseStorage in Frameworks */ = {isa = PBXBuildFile; productRef = 5811B4C52E38D39F00532C1B /* FirebaseStorage */; };
/* End PBXBuildFile section */

/* Begin PBXContainerItemProxy section */
		5811B3E32E36E5FB00532C1B /* PBXContainerItemProxy */ = {
			isa = PBXContainerItemProxy;
			containerPortal = 5811B3CD2E36E5F900532C1B /* Project object */;
			proxyType = 1;
			remoteGlobalIDString = 5811B3D42E36E5F900532C1B;
			remoteInfo = BookReader;
		};
		5811B3ED2E36E5FB00532C1B /* PBXContainerItemProxy */ = {
			isa = PBXContainerItemProxy;
			containerPortal = 5811B3CD2E36E5F900532C1B /* Project object */;
			proxyType = 1;
			remoteGlobalIDString = 5811B3D42E36E5F900532C1B;
			remoteInfo = BookReader;
		};
/* End PBXContainerItemProxy section */

/* Begin PBXFileReference section */
		5811B3D52E36E5F900532C1B /* BookReader.app */ = {isa = PBXFileReference; explicitFileType = wrapper.application; includeInIndex = 0; path = BookReader.app; sourceTree = BUILT_PRODUCTS_DIR; };
		5811B3E22E36E5FB00532C1B /* BookReaderTests.xctest */ = {isa = PBXFileReference; explicitFileType = wrapper.cfbundle; includeInIndex = 0; path = BookReaderTests.xctest; sourceTree = BUILT_PRODUCTS_DIR; };
		5811B3EC2E36E5FB00532C1B /* BookReaderUITests.xctest */ = {isa = PBXFileReference; explicitFileType = wrapper.cfbundle; includeInIndex = 0; path = BookReaderUITests.xctest; sourceTree = BUILT_PRODUCTS_DIR; };
/* End PBXFileReference section */

/* Begin PBXFileSystemSynchronizedRootGroup section */
		5811B3D72E36E5F900532C1B /* BookReader */ = {
			isa = PBXFileSystemSynchronizedRootGroup;
			path = BookReader;
			sourceTree = "<group>";
		};
		5811B3E52E36E5FB00532C1B /* BookReaderTests */ = {
			isa = PBXFileSystemSynchronizedRootGroup;
			path = BookReaderTests;
			sourceTree = "<group>";
		};
		5811B3EF2E36E5FB00532C1B /* BookReaderUITests */ = {
			isa = PBXFileSystemSynchronizedRootGroup;
			path = BookReaderUITests;
			sourceTree = "<group>";
		};
/* End PBXFileSystemSynchronizedRootGroup section */

/* Begin PBXFrameworksBuildPhase section */
		5811B3D22E36E5F900532C1B /* Frameworks */ = {
			isa = PBXFrameworksBuildPhase;
			buildActionMask = 2147483647;
			files = (
				5811B4C22E38D39F00532C1B /* FirebaseDatabase in Frameworks */,
				5811B4C42E38D39F00532C1B /* FirebaseFirestore in Frameworks */,
				5811B4C02E38D39F00532C1B /* FirebaseCore in Frameworks */,
				5811B4C62E38D39F00532C1B /* FirebaseStorage in Frameworks */,
				5811B4BE2E38D39F00532C1B /* FirebaseAuth in Frameworks */,
			);
			runOnlyForDeploymentPostprocessing = 0;
		};
		5811B3DF2E36E5FB00532C1B /* Frameworks */ = {
			isa = PBXFrameworksBuildPhase;
			buildActionMask = 2147483647;
			files = (
			);
			runOnlyForDeploymentPostprocessing = 0;
		};
		5811B3E92E36E5FB00532C1B /* Frameworks */ = {
			isa = PBXFrameworksBuildPhase;
			buildActionMask = 2147483647;
			files = (
			);
			runOnlyForDeploymentPostprocessing = 0;
		};
/* End PBXFrameworksBuildPhase section */

/* Begin PBXGroup section */
		5811B3CC2E36E5F900532C1B = {
			isa = PBXGroup;
			children = (
				5811B3D72E36E5F900532C1B /* BookReader */,
				5811B3E52E36E5FB00532C1B /* BookReaderTests */,
				5811B3EF2E36E5FB00532C1B /* BookReaderUITests */,
				5811B3D62E36E5F900532C1B /* Products */,
			);
			sourceTree = "<group>";
		};
		5811B3D62E36E5F900532C1B /* Products */ = {
			isa = PBXGroup;
			children = (
				5811B3D52E36E5F900532C1B /* BookReader.app */,
				5811B3E22E36E5FB00532C1B /* BookReaderTests.xctest */,
				5811B3EC2E36E5FB00532C1B /* BookReaderUITests.xctest */,
			);
			name = Products;
			sourceTree = "<group>";
		};
/* End PBXGroup section */

/* Begin PBXNativeTarget section */
		5811B3D42E36E5F900532C1B /* BookReader */ = {
			isa = PBXNativeTarget;
			buildConfigurationList = 5811B3F62E36E5FB00532C1B /* Build configuration list for PBXNativeTarget "BookReader" */;
			buildPhases = (
				5811B3D12E36E5F900532C1B /* Sources */,
				5811B3D22E36E5F900532C1B /* Frameworks */,
				5811B3D32E36E5F900532C1B /* Resources */,
			);
			buildRules = (
			);
			dependencies = (
			);
			fileSystemSynchronizedGroups = (
				5811B3D72E36E5F900532C1B /* BookReader */,
			);
			name = BookReader;
			packageProductDependencies = (
				5811B4BD2E38D39F00532C1B /* FirebaseAuth */,
				5811B4BF2E38D39F00532C1B /* FirebaseCore */,
				5811B4C12E38D39F00532C1B /* FirebaseDatabase */,
				5811B4C32E38D39F00532C1B /* FirebaseFirestore */,
				5811B4C52E38D39F00532C1B /* FirebaseStorage */,
			);
			productName = BookReader;
			productReference = 5811B3D52E36E5F900532C1B /* BookReader.app */;
			productType = "com.apple.product-type.application";
		};
		5811B3E12E36E5FB00532C1B /* BookReaderTests */ = {
			isa = PBXNativeTarget;
			buildConfigurationList = 5811B3F92E36E5FB00532C1B /* Build configuration list for PBXNativeTarget "BookReaderTests" */;
			buildPhases = (
				5811B3DE2E36E5FB00532C1B /* Sources */,
				5811B3DF2E36E5FB00532C1B /* Frameworks */,
				5811B3E02E36E5FB00532C1B /* Resources */,
			);
			buildRules = (
			);
			dependencies = (
				5811B3E42E36E5FB00532C1B /* PBXTargetDependency */,
			);
			fileSystemSynchronizedGroups = (
				5811B3E52E36E5FB00532C1B /* BookReaderTests */,
			);
			name = BookReaderTests;
			packageProductDependencies = (
			);
			productName = BookReaderTests;
			productReference = 5811B3E22E36E5FB00532C1B /* BookReaderTests.xctest */;
			productType = "com.apple.product-type.bundle.unit-test";
		};
		5811B3EB2E36E5FB00532C1B /* BookReaderUITests */ = {
			isa = PBXNativeTarget;
			buildConfigurationList = 5811B3FC2E36E5FB00532C1B /* Build configuration list for PBXNativeTarget "BookReaderUITests" */;
			buildPhases = (
				5811B3E82E36E5FB00532C1B /* Sources */,
				5811B3E92E36E5FB00532C1B /* Frameworks */,
				5811B3EA2E36E5FB00532C1B /* Resources */,
			);
			buildRules = (
			);
			dependencies = (
				5811B3EE2E36E5FB00532C1B /* PBXTargetDependency */,
			);
			fileSystemSynchronizedGroups = (
				5811B3EF2E36E5FB00532C1B /* BookReaderUITests */,
			);
			name = BookReaderUITests;
			packageProductDependencies = (
			);
			productName = BookReaderUITests;
			productReference = 5811B3EC2E36E5FB00532C1B /* BookReaderUITests.xctest */;
			productType = "com.apple.product-type.bundle.ui-testing";
		};
/* End PBXNativeTarget section */

/* Begin PBXProject section */
		5811B3CD2E36E5F900532C1B /* Project object */ = {
			isa = PBXProject;
			attributes = {
				BuildIndependentTargetsInParallel = 1;
				LastSwiftUpdateCheck = 1630;
				LastUpgradeCheck = 1630;
				TargetAttributes = {
					5811B3D42E36E5F900532C1B = {
						CreatedOnToolsVersion = 16.3;
					};
					5811B3E12E36E5FB00532C1B = {
						CreatedOnToolsVersion = 16.3;
						TestTargetID = 5811B3D42E36E5F900532C1B;
					};
					5811B3EB2E36E5FB00532C1B = {
						CreatedOnToolsVersion = 16.3;
						TestTargetID = 5811B3D42E36E5F900532C1B;
					};
				};
			};
			buildConfigurationList = 5811B3D02E36E5F900532C1B /* Build configuration list for PBXProject "BookReader" */;
			developmentRegion = en;
			hasScannedForEncodings = 0;
			knownRegions = (
				en,
				Base,
			);
			mainGroup = 5811B3CC2E36E5F900532C1B;
			minimizedProjectReferenceProxies = 1;
			packageReferences = (
				5811B4BC2E38D39F00532C1B /* XCRemoteSwiftPackageReference "firebase-ios-sdk" */,
			);
			preferredProjectObjectVersion = 77;
			productRefGroup = 5811B3D62E36E5F900532C1B /* Products */;
			projectDirPath = "";
			projectRoot = "";
			targets = (
				5811B3D42E36E5F900532C1B /* BookReader */,
				5811B3E12E36E5FB00532C1B /* BookReaderTests */,
				5811B3EB2E36E5FB00532C1B /* BookReaderUITests */,
			);
		};
/* End PBXProject section */

/* Begin PBXResourcesBuildPhase section */
		5811B3D32E36E5F900532C1B /* Resources */ = {
			isa = PBXResourcesBuildPhase;
			buildActionMask = 2147483647;
			files = (
			);
			runOnlyForDeploymentPostprocessing = 0;
		};
		5811B3E02E36E5FB00532C1B /* Resources */ = {
			isa = PBXResourcesBuildPhase;
			buildActionMask = 2147483647;
			files = (
			);
			runOnlyForDeploymentPostprocessing = 0;
		};
		5811B3EA2E36E5FB00532C1B /* Resources */ = {
			isa = PBXResourcesBuildPhase;
			buildActionMask = 2147483647;
			files = (
			);
			runOnlyForDeploymentPostprocessing = 0;
		};
/* End PBXResourcesBuildPhase section */

/* Begin PBXSourcesBuildPhase section */
		5811B3D12E36E5F900532C1B /* Sources */ = {
			isa = PBXSourcesBuildPhase;
			buildActionMask = 2147483647;
			files = (
			);
			runOnlyForDeploymentPostprocessing = 0;
		};
		5811B3DE2E36E5FB00532C1B /* Sources */ = {
			isa = PBXSourcesBuildPhase;
			buildActionMask = 2147483647;
			files = (
			);
			runOnlyForDeploymentPostprocessing = 0;
		};
		5811B3E82E36E5FB00532C1B /* Sources */ = {
			isa = PBXSourcesBuildPhase;
			buildActionMask = 2147483647;
			files = (
			);
			runOnlyForDeploymentPostprocessing = 0;
		};
/* End PBXSourcesBuildPhase section */

/* Begin PBXTargetDependency section */
		5811B3E42E36E5FB00532C1B /* PBXTargetDependency */ = {
			isa = PBXTargetDependency;
			target = 5811B3D42E36E5F900532C1B /* BookReader */;
			targetProxy = 5811B3E32E36E5FB00532C1B /* PBXContainerItemProxy */;
		};
		5811B3EE2E36E5FB00532C1B /* PBXTargetDependency */ = {
			isa = PBXTargetDependency;
			target = 5811B3D42E36E5F900532C1B /* BookReader */;
			targetProxy = 5811B3ED2E36E5FB00532C1B /* PBXContainerItemProxy */;
		};
/* End PBXTargetDependency section */

/* Begin XCBuildConfiguration section */
		5811B3F42E36E5FB00532C1B /* Debug */ = {
			isa = XCBuildConfiguration;
			buildSettings = {
				ALWAYS_SEARCH_USER_PATHS = NO;
				ASSETCATALOG_COMPILER_GENERATE_SWIFT_ASSET_SYMBOL_EXTENSIONS = YES;
				CLANG_ANALYZER_NONNULL = YES;
				CLANG_ANALYZER_NUMBER_OBJECT_CONVERSION = YES_AGGRESSIVE;
				CLANG_CXX_LANGUAGE_STANDARD = "gnu++20";
				CLANG_ENABLE_MODULES = YES;
				CLANG_ENABLE_OBJC_ARC = YES;
				CLANG_ENABLE_OBJC_WEAK = YES;
				CLANG_WARN_BLOCK_CAPTURE_AUTORELEASING = YES;
				CLANG_WARN_BOOL_CONVERSION = YES;
				CLANG_WARN_COMMA = YES;
				CLANG_WARN_CONSTANT_CONVERSION = YES;
				CLANG_WARN_DEPRECATED_OBJC_IMPLEMENTATIONS = YES;
				CLANG_WARN_DIRECT_OBJC_ISA_USAGE = YES_ERROR;
				CLANG_WARN_DOCUMENTATION_COMMENTS = YES;
				CLANG_WARN_EMPTY_BODY = YES;
				CLANG_WARN_ENUM_CONVERSION = YES;
				CLANG_WARN_INFINITE_RECURSION = YES;
				CLANG_WARN_INT_CONVERSION = YES;
				CLANG_WARN_NON_LITERAL_NULL_CONVERSION = YES;
				CLANG_WARN_OBJC_IMPLICIT_RETAIN_SELF = YES;
				CLANG_WARN_OBJC_LITERAL_CONVERSION = YES;
				CLANG_WARN_OBJC_ROOT_CLASS = YES_ERROR;
				CLANG_WARN_QUOTED_INCLUDE_IN_FRAMEWORK_HEADER = YES;
				CLANG_WARN_RANGE_LOOP_ANALYSIS = YES;
				CLANG_WARN_STRICT_PROTOTYPES = YES;
				CLANG_WARN_SUSPICIOUS_MOVE = YES;
				CLANG_WARN_UNGUARDED_AVAILABILITY = YES_AGGRESSIVE;
				CLANG_WARN_UNREACHABLE_CODE = YES;
				CLANG_WARN__DUPLICATE_METHOD_MATCH = YES;
				COPY_PHASE_STRIP = NO;
				DEBUG_INFORMATION_FORMAT = dwarf;
				ENABLE_STRICT_OBJC_MSGSEND = YES;
				ENABLE_TESTABILITY = YES;
				ENABLE_USER_SCRIPT_SANDBOXING = YES;
				GCC_C_LANGUAGE_STANDARD = gnu17;
				GCC_DYNAMIC_NO_PIC = NO;
				GCC_NO_COMMON_BLOCKS = YES;
				GCC_OPTIMIZATION_LEVEL = 0;
				GCC_PREPROCESSOR_DEFINITIONS = (
					"DEBUG=1",
					"$(inherited)",
				);
				GCC_WARN_64_TO_32_BIT_CONVERSION = YES;
				GCC_WARN_ABOUT_RETURN_TYPE = YES_ERROR;
				GCC_WARN_UNDECLARED_SELECTOR = YES;
				GCC_WARN_UNINITIALIZED_AUTOS = YES_AGGRESSIVE;
				GCC_WARN_UNUSED_FUNCTION = YES;
				GCC_WARN_UNUSED_VARIABLE = YES;
				IPHONEOS_DEPLOYMENT_TARGET = 18.4;
				LOCALIZATION_PREFERS_STRING_CATALOGS = YES;
				MTL_ENABLE_DEBUG_INFO = INCLUDE_SOURCE;
				MTL_FAST_MATH = YES;
				ONLY_ACTIVE_ARCH = YES;
				SDKROOT = iphoneos;
				SWIFT_ACTIVE_COMPILATION_CONDITIONS = "DEBUG $(inherited)";
				SWIFT_OPTIMIZATION_LEVEL = "-Onone";
			};
			name = Debug;
		};
		5811B3F52E36E5FB00532C1B /* Release */ = {
			isa = XCBuildConfiguration;
			buildSettings = {
				ALWAYS_SEARCH_USER_PATHS = NO;
				ASSETCATALOG_COMPILER_GENERATE_SWIFT_ASSET_SYMBOL_EXTENSIONS = YES;
				CLANG_ANALYZER_NONNULL = YES;
				CLANG_ANALYZER_NUMBER_OBJECT_CONVERSION = YES_AGGRESSIVE;
				CLANG_CXX_LANGUAGE_STANDARD = "gnu++20";
				CLANG_ENABLE_MODULES = YES;
				CLANG_ENABLE_OBJC_ARC = YES;
				CLANG_ENABLE_OBJC_WEAK = YES;
				CLANG_WARN_BLOCK_CAPTURE_AUTORELEASING = YES;
				CLANG_WARN_BOOL_CONVERSION = YES;
				CLANG_WARN_COMMA = YES;
				CLANG_WARN_CONSTANT_CONVERSION = YES;
				CLANG_WARN_DEPRECATED_OBJC_IMPLEMENTATIONS = YES;
				CLANG_WARN_DIRECT_OBJC_ISA_USAGE = YES_ERROR;
				CLANG_WARN_DOCUMENTATION_COMMENTS = YES;
				CLANG_WARN_EMPTY_BODY = YES;
				CLANG_WARN_ENUM_CONVERSION = YES;
				CLANG_WARN_INFINITE_RECURSION = YES;
				CLANG_WARN_INT_CONVERSION = YES;
				CLANG_WARN_NON_LITERAL_NULL_CONVERSION = YES;
				CLANG_WARN_OBJC_IMPLICIT_RETAIN_SELF = YES;
				CLANG_WARN_OBJC_LITERAL_CONVERSION = YES;
				CLANG_WARN_OBJC_ROOT_CLASS = YES_ERROR;
				CLANG_WARN_QUOTED_INCLUDE_IN_FRAMEWORK_HEADER = YES;
				CLANG_WARN_RANGE_LOOP_ANALYSIS = YES;
				CLANG_WARN_STRICT_PROTOTYPES = YES;
				CLANG_WARN_SUSPICIOUS_MOVE = YES;
				CLANG_WARN_UNGUARDED_AVAILABILITY = YES_AGGRESSIVE;
				CLANG_WARN_UNREACHABLE_CODE = YES;
				CLANG_WARN__DUPLICATE_METHOD_MATCH = YES;
				COPY_PHASE_STRIP = NO;
				DEBUG_INFORMATION_FORMAT = "dwarf-with-dsym";
				ENABLE_NS_ASSERTIONS = NO;
				ENABLE_STRICT_OBJC_MSGSEND = YES;
				ENABLE_USER_SCRIPT_SANDBOXING = YES;
				GCC_C_LANGUAGE_STANDARD = gnu17;
				GCC_NO_COMMON_BLOCKS = YES;
				GCC_WARN_64_TO_32_BIT_CONVERSION = YES;
				GCC_WARN_ABOUT_RETURN_TYPE = YES_ERROR;
				GCC_WARN_UNDECLARED_SELECTOR = YES;
				GCC_WARN_UNINITIALIZED_AUTOS = YES_AGGRESSIVE;
				GCC_WARN_UNUSED_FUNCTION = YES;
				GCC_WARN_UNUSED_VARIABLE = YES;
				IPHONEOS_DEPLOYMENT_TARGET = 18.4;
				LOCALIZATION_PREFERS_STRING_CATALOGS = YES;
				MTL_ENABLE_DEBUG_INFO = NO;
				MTL_FAST_MATH = YES;
				SDKROOT = iphoneos;
				SWIFT_COMPILATION_MODE = wholemodule;
				VALIDATE_PRODUCT = YES;
			};
			name = Release;
		};
		5811B3F72E36E5FB00532C1B /* Debug */ = {
			isa = XCBuildConfiguration;
			buildSettings = {
				ASSETCATALOG_COMPILER_APPICON_NAME = AppIcon;
				ASSETCATALOG_COMPILER_GLOBAL_ACCENT_COLOR_NAME = AccentColor;
				CODE_SIGN_STYLE = Automatic;
				CURRENT_PROJECT_VERSION = 1;
				ENABLE_PREVIEWS = NO;
				GENERATE_INFOPLIST_FILE = YES;
				INFOPLIST_KEY_UIApplicationSupportsIndirectInputEvents = YES;
				INFOPLIST_KEY_UILaunchScreen_Generation = YES;
				INFOPLIST_KEY_UISupportedInterfaceOrientations_iPad = "UIInterfaceOrientationPortrait UIInterfaceOrientationPortraitUpsideDown UIInterfaceOrientationLandscapeLeft UIInterfaceOrientationLandscapeRight";
				INFOPLIST_KEY_UISupportedInterfaceOrientations_iPhone = "UIInterfaceOrientationPortrait UIInterfaceOrientationLandscapeLeft UIInterfaceOrientationLandscapeRight";
				LD_RUNPATH_SEARCH_PATHS = (
					"$(inherited)",
					"@executable_path/Frameworks",
				);
				MARKETING_VERSION = 1.0;
				PRODUCT_BUNDLE_IDENTIFIER = groundplay.BookReader;
				PRODUCT_NAME = "$(TARGET_NAME)";
				SWIFT_EMIT_LOC_STRINGS = YES;
				SWIFT_VERSION = 5.0;
				TARGETED_DEVICE_FAMILY = "1,2";
			};
			name = Debug;
		};
		5811B3F82E36E5FB00532C1B /* Release */ = {
			isa = XCBuildConfiguration;
			buildSettings = {
				ASSETCATALOG_COMPILER_APPICON_NAME = AppIcon;
				ASSETCATALOG_COMPILER_GLOBAL_ACCENT_COLOR_NAME = AccentColor;
				CODE_SIGN_STYLE = Automatic;
				CURRENT_PROJECT_VERSION = 1;
				ENABLE_PREVIEWS = NO;
				GENERATE_INFOPLIST_FILE = YES;
				INFOPLIST_KEY_UIApplicationSupportsIndirectInputEvents = YES;
				INFOPLIST_KEY_UILaunchScreen_Generation = YES;
				INFOPLIST_KEY_UISupportedInterfaceOrientations_iPad = "UIInterfaceOrientationPortrait UIInterfaceOrientationPortraitUpsideDown UIInterfaceOrientationLandscapeLeft UIInterfaceOrientationLandscapeRight";
				INFOPLIST_KEY_UISupportedInterfaceOrientations_iPhone = "UIInterfaceOrientationPortrait UIInterfaceOrientationLandscapeLeft UIInterfaceOrientationLandscapeRight";
				LD_RUNPATH_SEARCH_PATHS = (
					"$(inherited)",
					"@executable_path/Frameworks",
				);
				MARKETING_VERSION = 1.0;
				PRODUCT_BUNDLE_IDENTIFIER = groundplay.BookReader;
				PRODUCT_NAME = "$(TARGET_NAME)";
				SWIFT_EMIT_LOC_STRINGS = YES;
				SWIFT_VERSION = 5.0;
				TARGETED_DEVICE_FAMILY = "1,2";
			};
			name = Release;
		};
		5811B3FA2E36E5FB00532C1B /* Debug */ = {
			isa = XCBuildConfiguration;
			buildSettings = {
				BUNDLE_LOADER = "$(TEST_HOST)";
				CODE_SIGN_STYLE = Automatic;
				CURRENT_PROJECT_VERSION = 1;
				GENERATE_INFOPLIST_FILE = YES;
				IPHONEOS_DEPLOYMENT_TARGET = 18.4;
				MARKETING_VERSION = 1.0;
				PRODUCT_BUNDLE_IDENTIFIER = groundplay.BookReaderTests;
				PRODUCT_NAME = "$(TARGET_NAME)";
				SWIFT_EMIT_LOC_STRINGS = NO;
				SWIFT_VERSION = 5.0;
				TARGETED_DEVICE_FAMILY = "1,2";
				TEST_HOST = "$(BUILT_PRODUCTS_DIR)/BookReader.app/$(BUNDLE_EXECUTABLE_FOLDER_PATH)/BookReader";
			};
			name = Debug;
		};
		5811B3FB2E36E5FB00532C1B /* Release */ = {
			isa = XCBuildConfiguration;
			buildSettings = {
				BUNDLE_LOADER = "$(TEST_HOST)";
				CODE_SIGN_STYLE = Automatic;
				CURRENT_PROJECT_VERSION = 1;
				GENERATE_INFOPLIST_FILE = YES;
				IPHONEOS_DEPLOYMENT_TARGET = 18.4;
				MARKETING_VERSION = 1.0;
				PRODUCT_BUNDLE_IDENTIFIER = groundplay.BookReaderTests;
				PRODUCT_NAME = "$(TARGET_NAME)";
				SWIFT_EMIT_LOC_STRINGS = NO;
				SWIFT_VERSION = 5.0;
				TARGETED_DEVICE_FAMILY = "1,2";
				TEST_HOST = "$(BUILT_PRODUCTS_DIR)/BookReader.app/$(BUNDLE_EXECUTABLE_FOLDER_PATH)/BookReader";
			};
			name = Release;
		};
		5811B3FD2E36E5FB00532C1B /* Debug */ = {
			isa = XCBuildConfiguration;
			buildSettings = {
				CODE_SIGN_STYLE = Automatic;
				CURRENT_PROJECT_VERSION = 1;
				GENERATE_INFOPLIST_FILE = YES;
				MARKETING_VERSION = 1.0;
				PRODUCT_BUNDLE_IDENTIFIER = groundplay.BookReaderUITests;
				PRODUCT_NAME = "$(TARGET_NAME)";
				SWIFT_EMIT_LOC_STRINGS = NO;
				SWIFT_VERSION = 5.0;
				TARGETED_DEVICE_FAMILY = "1,2";
				TEST_TARGET_NAME = BookReader;
			};
			name = Debug;
		};
		5811B3FE2E36E5FB00532C1B /* Release */ = {
			isa = XCBuildConfiguration;
			buildSettings = {
				CODE_SIGN_STYLE = Automatic;
				CURRENT_PROJECT_VERSION = 1;
				GENERATE_INFOPLIST_FILE = YES;
				MARKETING_VERSION = 1.0;
				PRODUCT_BUNDLE_IDENTIFIER = groundplay.BookReaderUITests;
				PRODUCT_NAME = "$(TARGET_NAME)";
				SWIFT_EMIT_LOC_STRINGS = NO;
				SWIFT_VERSION = 5.0;
				TARGETED_DEVICE_FAMILY = "1,2";
				TEST_TARGET_NAME = BookReader;
			};
			name = Release;
		};
/* End XCBuildConfiguration section */

/* Begin XCConfigurationList section */
		5811B3D02E36E5F900532C1B /* Build configuration list for PBXProject "BookReader" */ = {
			isa = XCConfigurationList;
			buildConfigurations = (
				5811B3F42E36E5FB00532C1B /* Debug */,
				5811B3F52E36E5FB00532C1B /* Release */,
			);
			defaultConfigurationIsVisible = 0;
			defaultConfigurationName = Release;
		};
		5811B3F62E36E5FB00532C1B /* Build configuration list for PBXNativeTarget "BookReader" */ = {
			isa = XCConfigurationList;
			buildConfigurations = (
				5811B3F72E36E5FB00532C1B /* Debug */,
				5811B3F82E36E5FB00532C1B /* Release */,
			);
			defaultConfigurationIsVisible = 0;
			defaultConfigurationName = Release;
		};
		5811B3F92E36E5FB00532C1B /* Build configuration list for PBXNativeTarget "BookReaderTests" */ = {
			isa = XCConfigurationList;
			buildConfigurations = (
				5811B3FA2E36E5FB00532C1B /* Debug */,
				5811B3FB2E36E5FB00532C1B /* Release */,
			);
			defaultConfigurationIsVisible = 0;
			defaultConfigurationName = Release;
		};
		5811B3FC2E36E5FB00532C1B /* Build configuration list for PBXNativeTarget "BookReaderUITests" */ = {
			isa = XCConfigurationList;
			buildConfigurations = (
				5811B3FD2E36E5FB00532C1B /* Debug */,
				5811B3FE2E36E5FB00532C1B /* Release */,
			);
			defaultConfigurationIsVisible = 0;
			defaultConfigurationName = Release;
		};
/* End XCConfigurationList section */

/* Begin XCRemoteSwiftPackageReference section */
		5811B4BC2E38D39F00532C1B /* XCRemoteSwiftPackageReference "firebase-ios-sdk" */ = {
			isa = XCRemoteSwiftPackageReference;
			repositoryURL = "https://github.com/firebase/firebase-ios-sdk";
			requirement = {
				kind = upToNextMajorVersion;
				minimumVersion = 12.0.0;
			};
		};
/* End XCRemoteSwiftPackageReference section */

/* Begin XCSwiftPackageProductDependency section */
		5811B4BD2E38D39F00532C1B /* FirebaseAuth */ = {
			isa = XCSwiftPackageProductDependency;
			package = 5811B4BC2E38D39F00532C1B /* XCRemoteSwiftPackageReference "firebase-ios-sdk" */;
			productName = FirebaseAuth;
		};
		5811B4BF2E38D39F00532C1B /* FirebaseCore */ = {
			isa = XCSwiftPackageProductDependency;
			package = 5811B4BC2E38D39F00532C1B /* XCRemoteSwiftPackageReference "firebase-ios-sdk" */;
			productName = FirebaseCore;
		};
		5811B4C12E38D39F00532C1B /* FirebaseDatabase */ = {
			isa = XCSwiftPackageProductDependency;
			package = 5811B4BC2E38D39F00532C1B /* XCRemoteSwiftPackageReference "firebase-ios-sdk" */;
			productName = FirebaseDatabase;
		};
		5811B4C32E38D39F00532C1B /* FirebaseFirestore */ = {
			isa = XCSwiftPackageProductDependency;
			package = 5811B4BC2E38D39F00532C1B /* XCRemoteSwiftPackageReference "firebase-ios-sdk" */;
			productName = FirebaseFirestore;
		};
		5811B4C52E38D39F00532C1B /* FirebaseStorage */ = {
			isa = XCSwiftPackageProductDependency;
			package = 5811B4BC2E38D39F00532C1B /* XCRemoteSwiftPackageReference "firebase-ios-sdk" */;
			productName = FirebaseStorage;
		};
/* End XCSwiftPackageProductDependency section */
	};
	rootObject = 5811B3CD2E36E5F900532C1B /* Project object */;
}
